// !$*UTF8*$!
{
	archiveVersion = 1;
	classes = {
	};
	objectVersion = 48;
	objects = {

/* Begin PBXBuildFile section */
		6A5B28821FA8E62F004DBA32 /* AppDelegate.m in Sources */ = {isa = PBXBuildFile; fileRef = 6A5B28811FA8E62F004DBA32 /* AppDelegate.m */; };
		6A5B28851FA8E62F004DBA32 /* ViewController.m in Sources */ = {isa = PBXBuildFile; fileRef = 6A5B28841FA8E62F004DBA32 /* ViewController.m */; };
		6A5B28881FA8E62F004DBA32 /* Main.storyboard in Resources */ = {isa = PBXBuildFile; fileRef = 6A5B28861FA8E62F004DBA32 /* Main.storyboard */; };
		6A5B288A1FA8E62F004DBA32 /* Assets.xcassets in Resources */ = {isa = PBXBuildFile; fileRef = 6A5B28891FA8E62F004DBA32 /* Assets.xcassets */; };
		6A5B288D1FA8E62F004DBA32 /* LaunchScreen.storyboard in Resources */ = {isa = PBXBuildFile; fileRef = 6A5B288B1FA8E62F004DBA32 /* LaunchScreen.storyboard */; };
		6A5B28901FA8E62F004DBA32 /* main.m in Sources */ = {isa = PBXBuildFile; fileRef = 6A5B288F1FA8E62F004DBA32 /* main.m */; };
		6A5B289A1FA8E62F004DBA32 /* Lesson_23Tests.m in Sources */ = {isa = PBXBuildFile; fileRef = 6A5B28991FA8E62F004DBA32 /* Lesson_23Tests.m */; };
		6A5B28A51FA8E62F004DBA32 /* Lesson_23UITests.m in Sources */ = {isa = PBXBuildFile; fileRef = 6A5B28A41FA8E62F004DBA32 /* Lesson_23UITests.m */; };
		6A5B28C11FA8EACF004DBA32 /* ReportViewController.m in Sources */ = {isa = PBXBuildFile; fileRef = 6A5B28C01FA8EACF004DBA32 /* ReportViewController.m */; };
		6A5B28C41FA8EB15004DBA32 /* ReportView.m in Sources */ = {isa = PBXBuildFile; fileRef = 6A5B28C31FA8EB15004DBA32 /* ReportView.m */; };
		6A5B28C71FA8EB50004DBA32 /* ReportModel.m in Sources */ = {isa = PBXBuildFile; fileRef = 6A5B28C61FA8EB50004DBA32 /* ReportModel.m */; };
		6A5B28D01FA9004E004DBA32 /* ReportsModel.xcdatamodeld in Sources */ = {isa = PBXBuildFile; fileRef = 6A5B28CE1FA9004E004DBA32 /* ReportsModel.xcdatamodeld */; };
		6A5B28DE1FA90481004DBA32 /* Report+CoreDataClass.m in Sources */ = {isa = PBXBuildFile; fileRef = 6A5B28DC1FA90481004DBA32 /* Report+CoreDataClass.m */; };
		6A5B28DF1FA90481004DBA32 /* Report+CoreDataProperties.m in Sources */ = {isa = PBXBuildFile; fileRef = 6A5B28DD1FA90481004DBA32 /* Report+CoreDataProperties.m */; };
		6A5B28E41FA904A1004DBA32 /* Nominatoin+CoreDataClass.m in Sources */ = {isa = PBXBuildFile; fileRef = 6A5B28E21FA904A1004DBA32 /* Nominatoin+CoreDataClass.m */; };
		6A5B28E51FA904A1004DBA32 /* Nominatoin+CoreDataProperties.m in Sources */ = {isa = PBXBuildFile; fileRef = 6A5B28E31FA904A1004DBA32 /* Nominatoin+CoreDataProperties.m */; };
		6A5B28E81FA905BA004DBA32 /* DataManaget.m in Sources */ = {isa = PBXBuildFile; fileRef = 6A5B28E71FA905BA004DBA32 /* DataManaget.m */; };
/* End PBXBuildFile section */

/* Begin PBXContainerItemProxy section */
		6A5B28961FA8E62F004DBA32 /* PBXContainerItemProxy */ = {
			isa = PBXContainerItemProxy;
			containerPortal = 6A5B28751FA8E62F004DBA32 /* Project object */;
			proxyType = 1;
			remoteGlobalIDString = 6A5B287C1FA8E62F004DBA32;
			remoteInfo = Lesson_23;
		};
		6A5B28A11FA8E62F004DBA32 /* PBXContainerItemProxy */ = {
			isa = PBXContainerItemProxy;
			containerPortal = 6A5B28751FA8E62F004DBA32 /* Project object */;
			proxyType = 1;
			remoteGlobalIDString = 6A5B287C1FA8E62F004DBA32;
			remoteInfo = Lesson_23;
		};
/* End PBXContainerItemProxy section */

/* Begin PBXFileReference section */
		6A5B287D1FA8E62F004DBA32 /* Lesson_23.app */ = {isa = PBXFileReference; explicitFileType = wrapper.application; includeInIndex = 0; path = Lesson_23.app; sourceTree = BUILT_PRODUCTS_DIR; };
		6A5B28801FA8E62F004DBA32 /* AppDelegate.h */ = {isa = PBXFileReference; lastKnownFileType = sourcecode.c.h; path = AppDelegate.h; sourceTree = "<group>"; };
		6A5B28811FA8E62F004DBA32 /* AppDelegate.m */ = {isa = PBXFileReference; lastKnownFileType = sourcecode.c.objc; path = AppDelegate.m; sourceTree = "<group>"; };
		6A5B28831FA8E62F004DBA32 /* ViewController.h */ = {isa = PBXFileReference; lastKnownFileType = sourcecode.c.h; path = ViewController.h; sourceTree = "<group>"; };
		6A5B28841FA8E62F004DBA32 /* ViewController.m */ = {isa = PBXFileReference; lastKnownFileType = sourcecode.c.objc; path = ViewController.m; sourceTree = "<group>"; };
		6A5B28871FA8E62F004DBA32 /* Base */ = {isa = PBXFileReference; lastKnownFileType = file.storyboard; name = Base; path = Base.lproj/Main.storyboard; sourceTree = "<group>"; };
		6A5B28891FA8E62F004DBA32 /* Assets.xcassets */ = {isa = PBXFileReference; lastKnownFileType = folder.assetcatalog; path = Assets.xcassets; sourceTree = "<group>"; };
		6A5B288C1FA8E62F004DBA32 /* Base */ = {isa = PBXFileReference; lastKnownFileType = file.storyboard; name = Base; path = Base.lproj/LaunchScreen.storyboard; sourceTree = "<group>"; };
		6A5B288E1FA8E62F004DBA32 /* Info.plist */ = {isa = PBXFileReference; lastKnownFileType = text.plist.xml; path = Info.plist; sourceTree = "<group>"; };
		6A5B288F1FA8E62F004DBA32 /* main.m */ = {isa = PBXFileReference; lastKnownFileType = sourcecode.c.objc; path = main.m; sourceTree = "<group>"; };
		6A5B28951FA8E62F004DBA32 /* Lesson_23Tests.xctest */ = {isa = PBXFileReference; explicitFileType = wrapper.cfbundle; includeInIndex = 0; path = Lesson_23Tests.xctest; sourceTree = BUILT_PRODUCTS_DIR; };
		6A5B28991FA8E62F004DBA32 /* Lesson_23Tests.m */ = {isa = PBXFileReference; lastKnownFileType = sourcecode.c.objc; path = Lesson_23Tests.m; sourceTree = "<group>"; };
		6A5B289B1FA8E62F004DBA32 /* Info.plist */ = {isa = PBXFileReference; lastKnownFileType = text.plist.xml; path = Info.plist; sourceTree = "<group>"; };
		6A5B28A01FA8E62F004DBA32 /* Lesson_23UITests.xctest */ = {isa = PBXFileReference; explicitFileType = wrapper.cfbundle; includeInIndex = 0; path = Lesson_23UITests.xctest; sourceTree = BUILT_PRODUCTS_DIR; };
		6A5B28A41FA8E62F004DBA32 /* Lesson_23UITests.m */ = {isa = PBXFileReference; lastKnownFileType = sourcecode.c.objc; path = Lesson_23UITests.m; sourceTree = "<group>"; };
		6A5B28A61FA8E62F004DBA32 /* Info.plist */ = {isa = PBXFileReference; lastKnownFileType = text.plist.xml; path = Info.plist; sourceTree = "<group>"; };
		6A5B28BF1FA8EACF004DBA32 /* ReportViewController.h */ = {isa = PBXFileReference; lastKnownFileType = sourcecode.c.h; path = ReportViewController.h; sourceTree = "<group>"; };
		6A5B28C01FA8EACF004DBA32 /* ReportViewController.m */ = {isa = PBXFileReference; lastKnownFileType = sourcecode.c.objc; path = ReportViewController.m; sourceTree = "<group>"; };
		6A5B28C21FA8EB15004DBA32 /* ReportView.h */ = {isa = PBXFileReference; lastKnownFileType = sourcecode.c.h; path = ReportView.h; sourceTree = "<group>"; };
		6A5B28C31FA8EB15004DBA32 /* ReportView.m */ = {isa = PBXFileReference; lastKnownFileType = sourcecode.c.objc; path = ReportView.m; sourceTree = "<group>"; };
		6A5B28C51FA8EB50004DBA32 /* ReportModel.h */ = {isa = PBXFileReference; lastKnownFileType = sourcecode.c.h; path = ReportModel.h; sourceTree = "<group>"; };
		6A5B28C61FA8EB50004DBA32 /* ReportModel.m */ = {isa = PBXFileReference; lastKnownFileType = sourcecode.c.objc; path = ReportModel.m; sourceTree = "<group>"; };
		6A5B28C81FA8EBAC004DBA32 /* ReportModuleProtocol.h */ = {isa = PBXFileReference; lastKnownFileType = sourcecode.c.h; path = ReportModuleProtocol.h; sourceTree = "<group>"; };
		6A5B28CF1FA9004E004DBA32 /* ReportsModel.xcdatamodel */ = {isa = PBXFileReference; lastKnownFileType = wrapper.xcdatamodel; path = ReportsModel.xcdatamodel; sourceTree = "<group>"; };
		6A5B28D51FA90399004DBA32 /* Lesson_23-Bridging-Header.h */ = {isa = PBXFileReference; lastKnownFileType = sourcecode.c.h; path = "Lesson_23-Bridging-Header.h"; sourceTree = "<group>"; };
		6A5B28DA1FA90481004DBA32 /* Report+CoreDataProperties.h */ = {isa = PBXFileReference; lastKnownFileType = sourcecode.c.h; path = "Report+CoreDataProperties.h"; sourceTree = "<group>"; };
		6A5B28DB1FA90481004DBA32 /* Report+CoreDataClass.h */ = {isa = PBXFileReference; lastKnownFileType = sourcecode.c.h; path = "Report+CoreDataClass.h"; sourceTree = "<group>"; };
		6A5B28DC1FA90481004DBA32 /* Report+CoreDataClass.m */ = {isa = PBXFileReference; lastKnownFileType = sourcecode.c.objc; path = "Report+CoreDataClass.m"; sourceTree = "<group>"; };
		6A5B28DD1FA90481004DBA32 /* Report+CoreDataProperties.m */ = {isa = PBXFileReference; lastKnownFileType = sourcecode.c.objc; path = "Report+CoreDataProperties.m"; sourceTree = "<group>"; };
		6A5B28E01FA904A1004DBA32 /* Nominatoin+CoreDataProperties.h */ = {isa = PBXFileReference; lastKnownFileType = sourcecode.c.h; path = "Nominatoin+CoreDataProperties.h"; sourceTree = "<group>"; };
		6A5B28E11FA904A1004DBA32 /* Nominatoin+CoreDataClass.h */ = {isa = PBXFileReference; lastKnownFileType = sourcecode.c.h; path = "Nominatoin+CoreDataClass.h"; sourceTree = "<group>"; };
		6A5B28E21FA904A1004DBA32 /* Nominatoin+CoreDataClass.m */ = {isa = PBXFileReference; lastKnownFileType = sourcecode.c.objc; path = "Nominatoin+CoreDataClass.m"; sourceTree = "<group>"; };
		6A5B28E31FA904A1004DBA32 /* Nominatoin+CoreDataProperties.m */ = {isa = PBXFileReference; lastKnownFileType = sourcecode.c.objc; path = "Nominatoin+CoreDataProperties.m"; sourceTree = "<group>"; };
		6A5B28E61FA905BA004DBA32 /* DataManaget.h */ = {isa = PBXFileReference; lastKnownFileType = sourcecode.c.h; path = DataManaget.h; sourceTree = "<group>"; };
		6A5B28E71FA905BA004DBA32 /* DataManaget.m */ = {isa = PBXFileReference; lastKnownFileType = sourcecode.c.objc; path = DataManaget.m; sourceTree = "<group>"; };
/* End PBXFileReference section */

/* Begin PBXFrameworksBuildPhase section */
		6A5B287A1FA8E62F004DBA32 /* Frameworks */ = {
			isa = PBXFrameworksBuildPhase;
			buildActionMask = 2147483647;
			files = (
			);
			runOnlyForDeploymentPostprocessing = 0;
		};
		6A5B28921FA8E62F004DBA32 /* Frameworks */ = {
			isa = PBXFrameworksBuildPhase;
			buildActionMask = 2147483647;
			files = (
			);
			runOnlyForDeploymentPostprocessing = 0;
		};
		6A5B289D1FA8E62F004DBA32 /* Frameworks */ = {
			isa = PBXFrameworksBuildPhase;
			buildActionMask = 2147483647;
			files = (
			);
			runOnlyForDeploymentPostprocessing = 0;
		};
/* End PBXFrameworksBuildPhase section */

/* Begin PBXGroup section */
		6A5B28741FA8E62F004DBA32 = {
			isa = PBXGroup;
			children = (
				6A5B287F1FA8E62F004DBA32 /* Lesson_23 */,
				6A5B28981FA8E62F004DBA32 /* Lesson_23Tests */,
				6A5B28A31FA8E62F004DBA32 /* Lesson_23UITests */,
				6A5B287E1FA8E62F004DBA32 /* Products */,
				6A5B28D51FA90399004DBA32 /* Lesson_23-Bridging-Header.h */,
			);
			sourceTree = "<group>";
		};
		6A5B287E1FA8E62F004DBA32 /* Products */ = {
			isa = PBXGroup;
			children = (
				6A5B287D1FA8E62F004DBA32 /* Lesson_23.app */,
				6A5B28951FA8E62F004DBA32 /* Lesson_23Tests.xctest */,
				6A5B28A01FA8E62F004DBA32 /* Lesson_23UITests.xctest */,
			);
			name = Products;
			sourceTree = "<group>";
		};
		6A5B287F1FA8E62F004DBA32 /* Lesson_23 */ = {
			isa = PBXGroup;
			children = (
				6A5B28C91FA8FF38004DBA32 /* Library */,
				6A5B28B81FA8E93E004DBA32 /* Nomination Module */,
				6A5B28B21FA8E808004DBA32 /* Report Module */,
				6A5B28801FA8E62F004DBA32 /* AppDelegate.h */,
				6A5B28811FA8E62F004DBA32 /* AppDelegate.m */,
				6A5B28831FA8E62F004DBA32 /* ViewController.h */,
				6A5B28841FA8E62F004DBA32 /* ViewController.m */,
				6A5B28861FA8E62F004DBA32 /* Main.storyboard */,
				6A5B28891FA8E62F004DBA32 /* Assets.xcassets */,
				6A5B288B1FA8E62F004DBA32 /* LaunchScreen.storyboard */,
				6A5B288E1FA8E62F004DBA32 /* Info.plist */,
				6A5B288F1FA8E62F004DBA32 /* main.m */,
			);
			path = Lesson_23;
			sourceTree = "<group>";
		};
		6A5B28981FA8E62F004DBA32 /* Lesson_23Tests */ = {
			isa = PBXGroup;
			children = (
				6A5B28991FA8E62F004DBA32 /* Lesson_23Tests.m */,
				6A5B289B1FA8E62F004DBA32 /* Info.plist */,
			);
			path = Lesson_23Tests;
			sourceTree = "<group>";
		};
		6A5B28A31FA8E62F004DBA32 /* Lesson_23UITests */ = {
			isa = PBXGroup;
			children = (
				6A5B28A41FA8E62F004DBA32 /* Lesson_23UITests.m */,
				6A5B28A61FA8E62F004DBA32 /* Info.plist */,
			);
			path = Lesson_23UITests;
			sourceTree = "<group>";
		};
		6A5B28B21FA8E808004DBA32 /* Report Module */ = {
			isa = PBXGroup;
			children = (
				6A5B28B41FA8E8E8004DBA32 /* Protocole */,
				6A5B28B31FA8E8E0004DBA32 /* MVC */,
			);
			path = "Report Module";
			sourceTree = "<group>";
		};
		6A5B28B31FA8E8E0004DBA32 /* MVC */ = {
			isa = PBXGroup;
			children = (
				6A5B28B71FA8E92A004DBA32 /* Controller */,
				6A5B28B61FA8E91A004DBA32 /* View */,
				6A5B28B51FA8E90A004DBA32 /* Model */,
			);
			path = MVC;
			sourceTree = "<group>";
		};
		6A5B28B41FA8E8E8004DBA32 /* Protocole */ = {
			isa = PBXGroup;
			children = (
				6A5B28C81FA8EBAC004DBA32 /* ReportModuleProtocol.h */,
			);
			path = Protocole;
			sourceTree = "<group>";
		};
		6A5B28B51FA8E90A004DBA32 /* Model */ = {
			isa = PBXGroup;
			children = (
				6A5B28C51FA8EB50004DBA32 /* ReportModel.h */,
				6A5B28C61FA8EB50004DBA32 /* ReportModel.m */,
			);
			path = Model;
			sourceTree = "<group>";
		};
		6A5B28B61FA8E91A004DBA32 /* View */ = {
			isa = PBXGroup;
			children = (
				6A5B28C21FA8EB15004DBA32 /* ReportView.h */,
				6A5B28C31FA8EB15004DBA32 /* ReportView.m */,
			);
			path = View;
			sourceTree = "<group>";
		};
		6A5B28B71FA8E92A004DBA32 /* Controller */ = {
			isa = PBXGroup;
			children = (
				6A5B28BF1FA8EACF004DBA32 /* ReportViewController.h */,
				6A5B28C01FA8EACF004DBA32 /* ReportViewController.m */,
			);
			path = Controller;
			sourceTree = "<group>";
		};
		6A5B28B81FA8E93E004DBA32 /* Nomination Module */ = {
			isa = PBXGroup;
			children = (
				6A5B28BE1FA8EA8B004DBA32 /* Protocole */,
				6A5B28BD1FA8EA7F004DBA32 /* MVC */,
			);
			path = "Nomination Module";
			sourceTree = "<group>";
		};
		6A5B28BA1FA8E96A004DBA32 /* Model */ = {
			isa = PBXGroup;
			children = (
			);
			path = Model;
			sourceTree = "<group>";
		};
		6A5B28BB1FA8E973004DBA32 /* View */ = {
			isa = PBXGroup;
			children = (
			);
			path = View;
			sourceTree = "<group>";
		};
		6A5B28BC1FA8E97E004DBA32 /* Controller */ = {
			isa = PBXGroup;
			children = (
			);
			path = Controller;
			sourceTree = "<group>";
		};
		6A5B28BD1FA8EA7F004DBA32 /* MVC */ = {
			isa = PBXGroup;
			children = (
				6A5B28BA1FA8E96A004DBA32 /* Model */,
				6A5B28BB1FA8E973004DBA32 /* View */,
				6A5B28BC1FA8E97E004DBA32 /* Controller */,
			);
			path = MVC;
			sourceTree = "<group>";
		};
		6A5B28BE1FA8EA8B004DBA32 /* Protocole */ = {
			isa = PBXGroup;
			children = (
			);
			path = Protocole;
			sourceTree = "<group>";
		};
		6A5B28C91FA8FF38004DBA32 /* Library */ = {
			isa = PBXGroup;
			children = (
				6A5B28CA1FA8FF4B004DBA32 /* DataBase */,
			);
			path = Library;
			sourceTree = "<group>";
		};
		6A5B28CA1FA8FF4B004DBA32 /* DataBase */ = {
			isa = PBXGroup;
			children = (
				6A5B28CB1FA8FF6F004DBA32 /* Entiteis */,
				6A5B28CE1FA9004E004DBA32 /* ReportsModel.xcdatamodeld */,
				6A5B28E61FA905BA004DBA32 /* DataManaget.h */,
				6A5B28E71FA905BA004DBA32 /* DataManaget.m */,
			);
			path = DataBase;
			sourceTree = "<group>";
		};
		6A5B28CB1FA8FF6F004DBA32 /* Entiteis */ = {
			isa = PBXGroup;
			children = (
				6A5B28CD1FA8FFA7004DBA32 /* Nominations */,
				6A5B28CC1FA8FF8F004DBA32 /* Reports */,
			);
			path = Entiteis;
			sourceTree = "<group>";
		};
		6A5B28CC1FA8FF8F004DBA32 /* Reports */ = {
			isa = PBXGroup;
			children = (
				6A5B28DA1FA90481004DBA32 /* Report+CoreDataProperties.h */,
				6A5B28DB1FA90481004DBA32 /* Report+CoreDataClass.h */,
				6A5B28DC1FA90481004DBA32 /* Report+CoreDataClass.m */,
				6A5B28DD1FA90481004DBA32 /* Report+CoreDataProperties.m */,
			);
			path = Reports;
			sourceTree = "<group>";
		};
		6A5B28CD1FA8FFA7004DBA32 /* Nominations */ = {
			isa = PBXGroup;
			children = (
				6A5B28E01FA904A1004DBA32 /* Nominatoin+CoreDataProperties.h */,
				6A5B28E11FA904A1004DBA32 /* Nominatoin+CoreDataClass.h */,
				6A5B28E21FA904A1004DBA32 /* Nominatoin+CoreDataClass.m */,
				6A5B28E31FA904A1004DBA32 /* Nominatoin+CoreDataProperties.m */,
			);
			path = Nominations;
			sourceTree = "<group>";
		};
/* End PBXGroup section */

/* Begin PBXNativeTarget section */
		6A5B287C1FA8E62F004DBA32 /* Lesson_23 */ = {
			isa = PBXNativeTarget;
			buildConfigurationList = 6A5B28A91FA8E62F004DBA32 /* Build configuration list for PBXNativeTarget "Lesson_23" */;
			buildPhases = (
				6A5B28791FA8E62F004DBA32 /* Sources */,
				6A5B287A1FA8E62F004DBA32 /* Frameworks */,
				6A5B287B1FA8E62F004DBA32 /* Resources */,
			);
			buildRules = (
			);
			dependencies = (
			);
			name = Lesson_23;
			productName = Lesson_23;
			productReference = 6A5B287D1FA8E62F004DBA32 /* Lesson_23.app */;
			productType = "com.apple.product-type.application";
		};
		6A5B28941FA8E62F004DBA32 /* Lesson_23Tests */ = {
			isa = PBXNativeTarget;
			buildConfigurationList = 6A5B28AC1FA8E62F004DBA32 /* Build configuration list for PBXNativeTarget "Lesson_23Tests" */;
			buildPhases = (
				6A5B28911FA8E62F004DBA32 /* Sources */,
				6A5B28921FA8E62F004DBA32 /* Frameworks */,
				6A5B28931FA8E62F004DBA32 /* Resources */,
			);
			buildRules = (
			);
			dependencies = (
				6A5B28971FA8E62F004DBA32 /* PBXTargetDependency */,
			);
			name = Lesson_23Tests;
			productName = Lesson_23Tests;
			productReference = 6A5B28951FA8E62F004DBA32 /* Lesson_23Tests.xctest */;
			productType = "com.apple.product-type.bundle.unit-test";
		};
		6A5B289F1FA8E62F004DBA32 /* Lesson_23UITests */ = {
			isa = PBXNativeTarget;
			buildConfigurationList = 6A5B28AF1FA8E62F004DBA32 /* Build configuration list for PBXNativeTarget "Lesson_23UITests" */;
			buildPhases = (
				6A5B289C1FA8E62F004DBA32 /* Sources */,
				6A5B289D1FA8E62F004DBA32 /* Frameworks */,
				6A5B289E1FA8E62F004DBA32 /* Resources */,
			);
			buildRules = (
			);
			dependencies = (
				6A5B28A21FA8E62F004DBA32 /* PBXTargetDependency */,
			);
			name = Lesson_23UITests;
			productName = Lesson_23UITests;
			productReference = 6A5B28A01FA8E62F004DBA32 /* Lesson_23UITests.xctest */;
			productType = "com.apple.product-type.bundle.ui-testing";
		};
/* End PBXNativeTarget section */

/* Begin PBXProject section */
		6A5B28751FA8E62F004DBA32 /* Project object */ = {
			isa = PBXProject;
			attributes = {
				LastUpgradeCheck = 0900;
				ORGANIZATIONNAME = lesson_1;
				TargetAttributes = {
					6A5B287C1FA8E62F004DBA32 = {
						CreatedOnToolsVersion = 9.0.1;
						LastSwiftMigration = 0900;
						ProvisioningStyle = Automatic;
					};
					6A5B28941FA8E62F004DBA32 = {
						CreatedOnToolsVersion = 9.0.1;
						ProvisioningStyle = Automatic;
						TestTargetID = 6A5B287C1FA8E62F004DBA32;
					};
					6A5B289F1FA8E62F004DBA32 = {
						CreatedOnToolsVersion = 9.0.1;
						ProvisioningStyle = Automatic;
						TestTargetID = 6A5B287C1FA8E62F004DBA32;
					};
				};
			};
			buildConfigurationList = 6A5B28781FA8E62F004DBA32 /* Build configuration list for PBXProject "Lesson_23" */;
			compatibilityVersion = "Xcode 8.0";
			developmentRegion = en;
			hasScannedForEncodings = 0;
			knownRegions = (
				en,
				Base,
			);
			mainGroup = 6A5B28741FA8E62F004DBA32;
			productRefGroup = 6A5B287E1FA8E62F004DBA32 /* Products */;
			projectDirPath = "";
			projectRoot = "";
			targets = (
				6A5B287C1FA8E62F004DBA32 /* Lesson_23 */,
				6A5B28941FA8E62F004DBA32 /* Lesson_23Tests */,
				6A5B289F1FA8E62F004DBA32 /* Lesson_23UITests */,
			);
		};
/* End PBXProject section */

/* Begin PBXResourcesBuildPhase section */
		6A5B287B1FA8E62F004DBA32 /* Resources */ = {
			isa = PBXResourcesBuildPhase;
			buildActionMask = 2147483647;
			files = (
				6A5B288D1FA8E62F004DBA32 /* LaunchScreen.storyboard in Resources */,
				6A5B288A1FA8E62F004DBA32 /* Assets.xcassets in Resources */,
				6A5B28881FA8E62F004DBA32 /* Main.storyboard in Resources */,
			);
			runOnlyForDeploymentPostprocessing = 0;
		};
		6A5B28931FA8E62F004DBA32 /* Resources */ = {
			isa = PBXResourcesBuildPhase;
			buildActionMask = 2147483647;
			files = (
			);
			runOnlyForDeploymentPostprocessing = 0;
		};
		6A5B289E1FA8E62F004DBA32 /* Resources */ = {
			isa = PBXResourcesBuildPhase;
			buildActionMask = 2147483647;
			files = (
			);
			runOnlyForDeploymentPostprocessing = 0;
		};
/* End PBXResourcesBuildPhase section */

/* Begin PBXSourcesBuildPhase section */
		6A5B28791FA8E62F004DBA32 /* Sources */ = {
			isa = PBXSourcesBuildPhase;
			buildActionMask = 2147483647;
			files = (
				6A5B28C11FA8EACF004DBA32 /* ReportViewController.m in Sources */,
				6A5B28DE1FA90481004DBA32 /* Report+CoreDataClass.m in Sources */,
				6A5B28DF1FA90481004DBA32 /* Report+CoreDataProperties.m in Sources */,
				6A5B28D01FA9004E004DBA32 /* ReportsModel.xcdatamodeld in Sources */,
				6A5B28851FA8E62F004DBA32 /* ViewController.m in Sources */,
				6A5B28E41FA904A1004DBA32 /* Nominatoin+CoreDataClass.m in Sources */,
				6A5B28E51FA904A1004DBA32 /* Nominatoin+CoreDataProperties.m in Sources */,
				6A5B28E81FA905BA004DBA32 /* DataManaget.m in Sources */,
				6A5B28C41FA8EB15004DBA32 /* ReportView.m in Sources */,
				6A5B28901FA8E62F004DBA32 /* main.m in Sources */,
				6A5B28821FA8E62F004DBA32 /* AppDelegate.m in Sources */,
				6A5B28C71FA8EB50004DBA32 /* ReportModel.m in Sources */,
			);
			runOnlyForDeploymentPostprocessing = 0;
		};
		6A5B28911FA8E62F004DBA32 /* Sources */ = {
			isa = PBXSourcesBuildPhase;
			buildActionMask = 2147483647;
			files = (
				6A5B289A1FA8E62F004DBA32 /* Lesson_23Tests.m in Sources */,
			);
			runOnlyForDeploymentPostprocessing = 0;
		};
		6A5B289C1FA8E62F004DBA32 /* Sources */ = {
			isa = PBXSourcesBuildPhase;
			buildActionMask = 2147483647;
			files = (
				6A5B28A51FA8E62F004DBA32 /* Lesson_23UITests.m in Sources */,
			);
			runOnlyForDeploymentPostprocessing = 0;
		};
/* End PBXSourcesBuildPhase section */

/* Begin PBXTargetDependency section */
		6A5B28971FA8E62F004DBA32 /* PBXTargetDependency */ = {
			isa = PBXTargetDependency;
			target = 6A5B287C1FA8E62F004DBA32 /* Lesson_23 */;
			targetProxy = 6A5B28961FA8E62F004DBA32 /* PBXContainerItemProxy */;
		};
		6A5B28A21FA8E62F004DBA32 /* PBXTargetDependency */ = {
			isa = PBXTargetDependency;
			target = 6A5B287C1FA8E62F004DBA32 /* Lesson_23 */;
			targetProxy = 6A5B28A11FA8E62F004DBA32 /* PBXContainerItemProxy */;
		};
/* End PBXTargetDependency section */

/* Begin PBXVariantGroup section */
		6A5B28861FA8E62F004DBA32 /* Main.storyboard */ = {
			isa = PBXVariantGroup;
			children = (
				6A5B28871FA8E62F004DBA32 /* Base */,
			);
			name = Main.storyboard;
			sourceTree = "<group>";
		};
		6A5B288B1FA8E62F004DBA32 /* LaunchScreen.storyboard */ = {
			isa = PBXVariantGroup;
			children = (
				6A5B288C1FA8E62F004DBA32 /* Base */,
			);
			name = LaunchScreen.storyboard;
			sourceTree = "<group>";
		};
/* End PBXVariantGroup section */

/* Begin XCBuildConfiguration section */
		6A5B28A71FA8E62F004DBA32 /* Debug */ = {
			isa = XCBuildConfiguration;
			buildSettings = {
				ALWAYS_SEARCH_USER_PATHS = NO;
				CLANG_ANALYZER_NONNULL = YES;
				CLANG_ANALYZER_NUMBER_OBJECT_CONVERSION = YES_AGGRESSIVE;
				CLANG_CXX_LANGUAGE_STANDARD = "gnu++14";
				CLANG_CXX_LIBRARY = "libc++";
				CLANG_ENABLE_MODULES = YES;
				CLANG_ENABLE_OBJC_ARC = YES;
				CLANG_WARN_BLOCK_CAPTURE_AUTORELEASING = YES;
				CLANG_WARN_BOOL_CONVERSION = YES;
				CLANG_WARN_COMMA = YES;
				CLANG_WARN_CONSTANT_CONVERSION = YES;
				CLANG_WARN_DIRECT_OBJC_ISA_USAGE = YES_ERROR;
				CLANG_WARN_DOCUMENTATION_COMMENTS = YES;
				CLANG_WARN_EMPTY_BODY = YES;
				CLANG_WARN_ENUM_CONVERSION = YES;
				CLANG_WARN_INFINITE_RECURSION = YES;
				CLANG_WARN_INT_CONVERSION = YES;
				CLANG_WARN_NON_LITERAL_NULL_CONVERSION = YES;
				CLANG_WARN_OBJC_LITERAL_CONVERSION = YES;
				CLANG_WARN_OBJC_ROOT_CLASS = YES_ERROR;
				CLANG_WARN_RANGE_LOOP_ANALYSIS = YES;
				CLANG_WARN_STRICT_PROTOTYPES = YES;
				CLANG_WARN_SUSPICIOUS_MOVE = YES;
				CLANG_WARN_UNGUARDED_AVAILABILITY = YES_AGGRESSIVE;
				CLANG_WARN_UNREACHABLE_CODE = YES;
				CLANG_WARN__DUPLICATE_METHOD_MATCH = YES;
				CODE_SIGN_IDENTITY = "iPhone Developer";
				COPY_PHASE_STRIP = NO;
				DEBUG_INFORMATION_FORMAT = dwarf;
				ENABLE_STRICT_OBJC_MSGSEND = YES;
				ENABLE_TESTABILITY = YES;
				GCC_C_LANGUAGE_STANDARD = gnu11;
				GCC_DYNAMIC_NO_PIC = NO;
				GCC_NO_COMMON_BLOCKS = YES;
				GCC_OPTIMIZATION_LEVEL = 0;
				GCC_PREPROCESSOR_DEFINITIONS = (
					"DEBUG=1",
					"$(inherited)",
				);
				GCC_WARN_64_TO_32_BIT_CONVERSION = YES;
				GCC_WARN_ABOUT_RETURN_TYPE = YES_ERROR;
				GCC_WARN_UNDECLARED_SELECTOR = YES;
				GCC_WARN_UNINITIALIZED_AUTOS = YES_AGGRESSIVE;
				GCC_WARN_UNUSED_FUNCTION = YES;
				GCC_WARN_UNUSED_VARIABLE = YES;
				IPHONEOS_DEPLOYMENT_TARGET = 11.0;
				MTL_ENABLE_DEBUG_INFO = YES;
				ONLY_ACTIVE_ARCH = YES;
				SDKROOT = iphoneos;
			};
			name = Debug;
		};
		6A5B28A81FA8E62F004DBA32 /* Release */ = {
			isa = XCBuildConfiguration;
			buildSettings = {
				ALWAYS_SEARCH_USER_PATHS = NO;
				CLANG_ANALYZER_NONNULL = YES;
				CLANG_ANALYZER_NUMBER_OBJECT_CONVERSION = YES_AGGRESSIVE;
				CLANG_CXX_LANGUAGE_STANDARD = "gnu++14";
				CLANG_CXX_LIBRARY = "libc++";
				CLANG_ENABLE_MODULES = YES;
				CLANG_ENABLE_OBJC_ARC = YES;
				CLANG_WARN_BLOCK_CAPTURE_AUTORELEASING = YES;
				CLANG_WARN_BOOL_CONVERSION = YES;
				CLANG_WARN_COMMA = YES;
				CLANG_WARN_CONSTANT_CONVERSION = YES;
				CLANG_WARN_DIRECT_OBJC_ISA_USAGE = YES_ERROR;
				CLANG_WARN_DOCUMENTATION_COMMENTS = YES;
				CLANG_WARN_EMPTY_BODY = YES;
				CLANG_WARN_ENUM_CONVERSION = YES;
				CLANG_WARN_INFINITE_RECURSION = YES;
				CLANG_WARN_INT_CONVERSION = YES;
				CLANG_WARN_NON_LITERAL_NULL_CONVERSION = YES;
				CLANG_WARN_OBJC_LITERAL_CONVERSION = YES;
				CLANG_WARN_OBJC_ROOT_CLASS = YES_ERROR;
				CLANG_WARN_RANGE_LOOP_ANALYSIS = YES;
				CLANG_WARN_STRICT_PROTOTYPES = YES;
				CLANG_WARN_SUSPICIOUS_MOVE = YES;
				CLANG_WARN_UNGUARDED_AVAILABILITY = YES_AGGRESSIVE;
				CLANG_WARN_UNREACHABLE_CODE = YES;
				CLANG_WARN__DUPLICATE_METHOD_MATCH = YES;
				CODE_SIGN_IDENTITY = "iPhone Developer";
				COPY_PHASE_STRIP = NO;
				DEBUG_INFORMATION_FORMAT = "dwarf-with-dsym";
				ENABLE_NS_ASSERTIONS = NO;
				ENABLE_STRICT_OBJC_MSGSEND = YES;
				GCC_C_LANGUAGE_STANDARD = gnu11;
				GCC_NO_COMMON_BLOCKS = YES;
				GCC_WARN_64_TO_32_BIT_CONVERSION = YES;
				GCC_WARN_ABOUT_RETURN_TYPE = YES_ERROR;
				GCC_WARN_UNDECLARED_SELECTOR = YES;
				GCC_WARN_UNINITIALIZED_AUTOS = YES_AGGRESSIVE;
				GCC_WARN_UNUSED_FUNCTION = YES;
				GCC_WARN_UNUSED_VARIABLE = YES;
				IPHONEOS_DEPLOYMENT_TARGET = 11.0;
				MTL_ENABLE_DEBUG_INFO = NO;
				SDKROOT = iphoneos;
				VALIDATE_PRODUCT = YES;
			};
			name = Release;
		};
		6A5B28AA1FA8E62F004DBA32 /* Debug */ = {
			isa = XCBuildConfiguration;
			buildSettings = {
				ASSETCATALOG_COMPILER_APPICON_NAME = AppIcon;
				CLANG_ENABLE_MODULES = YES;
				CODE_SIGN_STYLE = Automatic;
				INFOPLIST_FILE = Lesson_23/Info.plist;
				LD_RUNPATH_SEARCH_PATHS = "$(inherited) @executable_path/Frameworks";
				PRODUCT_BUNDLE_IDENTIFIER = "x.Lesson-23";
				PRODUCT_NAME = "$(TARGET_NAME)";
				SWIFT_OBJC_BRIDGING_HEADER = "Lesson_23-Bridging-Header.h";
				SWIFT_OPTIMIZATION_LEVEL = "-Onone";
				SWIFT_VERSION = 3.0;
				TARGETED_DEVICE_FAMILY = "1,2";
			};
			name = Debug;
		};
		6A5B28AB1FA8E62F004DBA32 /* Release */ = {
			isa = XCBuildConfiguration;
			buildSettings = {
				ASSETCATALOG_COMPILER_APPICON_NAME = AppIcon;
				CLANG_ENABLE_MODULES = YES;
				CODE_SIGN_STYLE = Automatic;
				INFOPLIST_FILE = Lesson_23/Info.plist;
				LD_RUNPATH_SEARCH_PATHS = "$(inherited) @executable_path/Frameworks";
				PRODUCT_BUNDLE_IDENTIFIER = "x.Lesson-23";
				PRODUCT_NAME = "$(TARGET_NAME)";
				SWIFT_OBJC_BRIDGING_HEADER = "Lesson_23-Bridging-Header.h";
				SWIFT_VERSION = 3.0;
				TARGETED_DEVICE_FAMILY = "1,2";
			};
			name = Release;
		};
		6A5B28AD1FA8E62F004DBA32 /* Debug */ = {
			isa = XCBuildConfiguration;
			buildSettings = {
				BUNDLE_LOADER = "$(TEST_HOST)";
				CODE_SIGN_STYLE = Automatic;
				INFOPLIST_FILE = Lesson_23Tests/Info.plist;
				LD_RUNPATH_SEARCH_PATHS = "$(inherited) @executable_path/Frameworks @loader_path/Frameworks";
				PRODUCT_BUNDLE_IDENTIFIER = "x.Lesson-23Tests";
				PRODUCT_NAME = "$(TARGET_NAME)";
				TARGETED_DEVICE_FAMILY = "1,2";
				TEST_HOST = "$(BUILT_PRODUCTS_DIR)/Lesson_23.app/Lesson_23";
			};
			name = Debug;
		};
		6A5B28AE1FA8E62F004DBA32 /* Release */ = {
			isa = XCBuildConfiguration;
			buildSettings = {
				BUNDLE_LOADER = "$(TEST_HOST)";
				CODE_SIGN_STYLE = Automatic;
				INFOPLIST_FILE = Lesson_23Tests/Info.plist;
				LD_RUNPATH_SEARCH_PATHS = "$(inherited) @executable_path/Frameworks @loader_path/Frameworks";
				PRODUCT_BUNDLE_IDENTIFIER = "x.Lesson-23Tests";
				PRODUCT_NAME = "$(TARGET_NAME)";
				TARGETED_DEVICE_FAMILY = "1,2";
				TEST_HOST = "$(BUILT_PRODUCTS_DIR)/Lesson_23.app/Lesson_23";
			};
			name = Release;
		};
		6A5B28B01FA8E62F004DBA32 /* Debug */ = {
			isa = XCBuildConfiguration;
			buildSettings = {
				CODE_SIGN_STYLE = Automatic;
				INFOPLIST_FILE = Lesson_23UITests/Info.plist;
				LD_RUNPATH_SEARCH_PATHS = "$(inherited) @executable_path/Frameworks @loader_path/Frameworks";
				PRODUCT_BUNDLE_IDENTIFIER = "x.Lesson-23UITests";
				PRODUCT_NAME = "$(TARGET_NAME)";
				TARGETED_DEVICE_FAMILY = "1,2";
				TEST_TARGET_NAME = Lesson_23;
			};
			name = Debug;
		};
		6A5B28B11FA8E62F004DBA32 /* Release */ = {
			isa = XCBuildConfiguration;
			buildSettings = {
				CODE_SIGN_STYLE = Automatic;
				INFOPLIST_FILE = Lesson_23UITests/Info.plist;
				LD_RUNPATH_SEARCH_PATHS = "$(inherited) @executable_path/Frameworks @loader_path/Frameworks";
				PRODUCT_BUNDLE_IDENTIFIER = "x.Lesson-23UITests";
				PRODUCT_NAME = "$(TARGET_NAME)";
				TARGETED_DEVICE_FAMILY = "1,2";
				TEST_TARGET_NAME = Lesson_23;
			};
			name = Release;
		};
/* End XCBuildConfiguration section */

/* Begin XCConfigurationList section */
		6A5B28781FA8E62F004DBA32 /* Build configuration list for PBXProject "Lesson_23" */ = {
			isa = XCConfigurationList;
			buildConfigurations = (
				6A5B28A71FA8E62F004DBA32 /* Debug */,
				6A5B28A81FA8E62F004DBA32 /* Release */,
			);
			defaultConfigurationIsVisible = 0;
			defaultConfigurationName = Release;
		};
		6A5B28A91FA8E62F004DBA32 /* Build configuration list for PBXNativeTarget "Lesson_23" */ = {
			isa = XCConfigurationList;
			buildConfigurations = (
				6A5B28AA1FA8E62F004DBA32 /* Debug */,
				6A5B28AB1FA8E62F004DBA32 /* Release */,
			);
			defaultConfigurationIsVisible = 0;
			defaultConfigurationName = Release;
		};
		6A5B28AC1FA8E62F004DBA32 /* Build configuration list for PBXNativeTarget "Lesson_23Tests" */ = {
			isa = XCConfigurationList;
			buildConfigurations = (
				6A5B28AD1FA8E62F004DBA32 /* Debug */,
				6A5B28AE1FA8E62F004DBA32 /* Release */,
			);
			defaultConfigurationIsVisible = 0;
			defaultConfigurationName = Release;
		};
		6A5B28AF1FA8E62F004DBA32 /* Build configuration list for PBXNativeTarget "Lesson_23UITests" */ = {
			isa = XCConfigurationList;
			buildConfigurations = (
				6A5B28B01FA8E62F004DBA32 /* Debug */,
				6A5B28B11FA8E62F004DBA32 /* Release */,
			);
			defaultConfigurationIsVisible = 0;
			defaultConfigurationName = Release;
		};
/* End XCConfigurationList section */

/* Begin XCVersionGroup section */
		6A5B28CE1FA9004E004DBA32 /* ReportsModel.xcdatamodeld */ = {
			isa = XCVersionGroup;
			children = (
				6A5B28CF1FA9004E004DBA32 /* ReportsModel.xcdatamodel */,
			);
			currentVersion = 6A5B28CF1FA9004E004DBA32 /* ReportsModel.xcdatamodel */;
			path = ReportsModel.xcdatamodeld;
			sourceTree = "<group>";
			versionGroupType = wrapper.xcdatamodel;
		};
/* End XCVersionGroup section */
	};
	rootObject = 6A5B28751FA8E62F004DBA32 /* Project object */;
}
